# THIS IS AN AUTOGENERATED FILE. DO NOT EDIT THIS FILE DIRECTLY.
# yarn lockfile v1


"@mattkrick/fast-rtc-peer@^0.1.0":
  version "0.1.0"
  resolved "https://registry.yarnpkg.com/@mattkrick/fast-rtc-peer/-/fast-rtc-peer-0.1.0.tgz#31c808d8ea5d183f5d631adfa16ae33ba13491d9"
  integrity sha512-qFqc2zRg7BtzKX1vh5PL7igvs8Kyq16wC8/qDvNQOdWCxZ42iqnppOw87QJMMh1Ft/N90lcgwOo+bZ3oIyFXpA==
  dependencies:
    eventemitter3 "^3.1.0"
    shortid "^2.2.12"
    tslib "^1.9.3"

"@mattkrick/fast-rtc-swarm@^0.1.1":
  version "0.1.1"
  resolved "https://registry.yarnpkg.com/@mattkrick/fast-rtc-swarm/-/fast-rtc-swarm-0.1.1.tgz#12875370dc4ffe3a2ad12838ca82d9b863ff36c8"
  integrity sha512-WpcnXlL8EUND3x6uCiY4bAmQY8RH0lRrNs2IJVsmPDZBsgbxWnMPjyWhW1PaHtedEXcRdrKHx1Gvv7DXsW9EEA==
  dependencies:
    "@mattkrick/fast-rtc-peer" "^0.1.0"
    eventemitter3 "^3.1.0"
    tslib "^1.9.3"

"@types/node@^11.10.4":
  version "11.10.4"
  resolved "https://registry.yarnpkg.com/@types/node/-/node-11.10.4.tgz#3f5fc4f0f322805f009e00ab35a2ff3d6b778e42"
  integrity sha512-wa09itaLE8L705aXd8F80jnFpxz3Y1/KRHfKsYL2bPc0XF+wEWu8sR9n5bmeu8Ba1N9z2GRNzm/YdHcghLkLKg==

"@types/shortid@^0.0.29":
  version "0.0.29"
  resolved "https://registry.yarnpkg.com/@types/shortid/-/shortid-0.0.29.tgz#8093ee0416a6e2bf2aa6338109114b3fbffa0e9b"
  integrity sha1-gJPuBBam4r8qpjOBCRFLP7/6Dps=

eventemitter3@^3.1.0:
  version "3.1.0"
  resolved "https://registry.yarnpkg.com/eventemitter3/-/eventemitter3-3.1.0.tgz#090b4d6cdbd645ed10bf750d4b5407942d7ba163"
  integrity sha512-ivIvhpq/Y0uSjcHDcOIccjmYjGLcP09MFGE7ysAwkAvkXfpZlC985pH2/ui64DKazbTW/4kN3yqozUxlXzI6cA==

nanoid@^2.0.0:
  version "2.0.1"
  resolved "https://registry.yarnpkg.com/nanoid/-/nanoid-2.0.1.tgz#deb55cac196e3f138071911dabbc3726eb048864"
  integrity sha512-k1u2uemjIGsn25zmujKnotgniC/gxQ9sdegdezeDiKdkDW56THUMqlz3urndKCXJxA6yPzSZbXx/QCMe/pxqsA==

shortid@^2.2.12, shortid@^2.2.14:
  version "2.2.14"
  resolved "https://registry.yarnpkg.com/shortid/-/shortid-2.2.14.tgz#80db6aafcbc3e3a46850b3c88d39e051b84c8d18"
  integrity sha512-4UnZgr9gDdA1kaKj/38IiudfC3KHKhDc1zi/HSxd9FQDR0VLwH3/y79tZJLsVYPsJgIjeHjqIWaWVRJUj9qZOQ==
  dependencies:
    nanoid "^2.0.0"

tslib@^1.9.3:
  version "1.9.3"
  resolved "https://registry.yarnpkg.com/tslib/-/tslib-1.9.3.tgz#d7e4dd79245d85428c4d7e4822a79917954ca286"
  integrity sha512-4krF8scpejhaOgqzBEcGM7yDIEfi0/8+8zDRZhNZZ2kjmHJ4hv3zCbQWxoJGz1iw5U0Jl0nma13xzHXcncMavQ==

typescript@^3.3.3333:
  version "3.3.3333"
  resolved "https://registry.yarnpkg.com/typescript/-/typescript-3.3.3333.tgz#171b2c5af66c59e9431199117a3bcadc66fdcfd6"
  integrity sha512-JjSKsAfuHBE/fB2oZ8NxtRTk5iGcg6hkYXMnZ3Wc+b2RSqejEqTaem11mHASMnFilHrax3sLK0GDzcJrekZYLw==

uWebSockets.js@uNetworking/uWebSockets.js#v15.4.0:
  version "15.4.0"
  resolved "https://codeload.github.com/uNetworking/uWebSockets.js/tar.gz/23b29ec03b057ee079de99460c212b2620cfe8fe"
